
Microsoft Visual Studio Solution File, Format Version 12.00
# Visual Studio Version 17
VisualStudioVersion = 17.11.35312.102
MinimumVisualStudioVersion = 10.0.40219.1
Project("{FAE04EC0-301F-11D3-BF4B-00C04F79EFBC}") = "01-DbFirst", "01-DbFirst\01-DbFirst.csproj", "{40683FFA-6D06-4FE9-BF23-20B1258D648D}"
EndProject
Project("{FAE04EC0-301F-11D3-BF4B-00C04F79EFBC}") = "02-ModelFirst", "02-ModelFirst\02-ModelFirst.csproj", "{039FA149-9092-4E3D-8B1A-B8A1C23CE6C3}"
EndProject
Project("{FAE04EC0-301F-11D3-BF4B-00C04F79EFBC}") = "03-CodeFirst", "03-CodeFirst\03-CodeFirst.csproj", "{C80F2119-C01A-4E4F-8A76-8318948F04B2}"
EndProject
Project("{FAE04EC0-301F-11D3-BF4B-00C04F79EFBC}") = "04-Crud", "04-Crud\04-Crud.csproj", "{6B85CAE8-4399-443F-90D4-9897CDDB2F42}"
EndProject
Project("{FAE04EC0-301F-11D3-BF4B-00C04F79EFBC}") = "05-DataAnnotations", "05-DataAnnotations\05-DataAnnotations.csproj", "{FF631278-769D-4345-B6E3-99375AD3A0BC}"
EndProject
Project("{FAE04EC0-301F-11D3-BF4B-00C04F79EFBC}") = "06-FluentApi", "06-FluentApi\06-FluentApi.csproj", "{088B0E6D-5E72-4BAB-8B0B-9B4CBBF5E1CB}"
EndProject
Global
	GlobalSection(SolutionConfigurationPlatforms) = preSolution
		Debug|Any CPU = Debug|Any CPU
		Release|Any CPU = Release|Any CPU
	EndGlobalSection
	GlobalSection(ProjectConfigurationPlatforms) = postSolution
		{40683FFA-6D06-4FE9-BF23-20B1258D648D}.Debug|Any CPU.ActiveCfg = Debug|Any CPU
		{40683FFA-6D06-4FE9-BF23-20B1258D648D}.Debug|Any CPU.Build.0 = Debug|Any CPU
		{40683FFA-6D06-4FE9-BF23-20B1258D648D}.Release|Any CPU.ActiveCfg = Release|Any CPU
		{40683FFA-6D06-4FE9-BF23-20B1258D648D}.Release|Any CPU.Build.0 = Release|Any CPU
		{039FA149-9092-4E3D-8B1A-B8A1C23CE6C3}.Debug|Any CPU.ActiveCfg = Debug|Any CPU
		{039FA149-9092-4E3D-8B1A-B8A1C23CE6C3}.Debug|Any CPU.Build.0 = Debug|Any CPU
		{039FA149-9092-4E3D-8B1A-B8A1C23CE6C3}.Release|Any CPU.ActiveCfg = Release|Any CPU
		{039FA149-9092-4E3D-8B1A-B8A1C23CE6C3}.Release|Any CPU.Build.0 = Release|Any CPU
		{C80F2119-C01A-4E4F-8A76-8318948F04B2}.Debug|Any CPU.ActiveCfg = Debug|Any CPU
		{C80F2119-C01A-4E4F-8A76-8318948F04B2}.Debug|Any CPU.Build.0 = Debug|Any CPU
		{C80F2119-C01A-4E4F-8A76-8318948F04B2}.Release|Any CPU.ActiveCfg = Release|Any CPU
		{C80F2119-C01A-4E4F-8A76-8318948F04B2}.Release|Any CPU.Build.0 = Release|Any CPU
		{6B85CAE8-4399-443F-90D4-9897CDDB2F42}.Debug|Any CPU.ActiveCfg = Debug|Any CPU
		{6B85CAE8-4399-443F-90D4-9897CDDB2F42}.Debug|Any CPU.Build.0 = Debug|Any CPU
		{6B85CAE8-4399-443F-90D4-9897CDDB2F42}.Release|Any CPU.ActiveCfg = Release|Any CPU
		{6B85CAE8-4399-443F-90D4-9897CDDB2F42}.Release|Any CPU.Build.0 = Release|Any CPU
		{FF631278-769D-4345-B6E3-99375AD3A0BC}.Debug|Any CPU.ActiveCfg = Debug|Any CPU
		{FF631278-769D-4345-B6E3-99375AD3A0BC}.Debug|Any CPU.Build.0 = Debug|Any CPU
		{FF631278-769D-4345-B6E3-99375AD3A0BC}.Release|Any CPU.ActiveCfg = Release|Any CPU
		{FF631278-769D-4345-B6E3-99375AD3A0BC}.Release|Any CPU.Build.0 = Release|Any CPU
		{088B0E6D-5E72-4BAB-8B0B-9B4CBBF5E1CB}.Debug|Any CPU.ActiveCfg = Debug|Any CPU
		{088B0E6D-5E72-4BAB-8B0B-9B4CBBF5E1CB}.Debug|Any CPU.Build.0 = Debug|Any CPU
		{088B0E6D-5E72-4BAB-8B0B-9B4CBBF5E1CB}.Release|Any CPU.ActiveCfg = Release|Any CPU
		{088B0E6D-5E72-4BAB-8B0B-9B4CBBF5E1CB}.Release|Any CPU.Build.0 = Release|Any CPU
	EndGlobalSection
	GlobalSection(SolutionProperties) = preSolution
		HideSolutionNode = FALSE
	EndGlobalSection
	GlobalSection(ExtensibilityGlobals) = postSolution
		SolutionGuid = {7DADD97C-BD02-4DFE-B066-1C88F51D428F}
	EndGlobalSection
EndGlobal
